// !$*UTF8*$!
{
	archiveVersion = 1;
	classes = {
	};
	objectVersion = 46;
	objects = {

/* Begin PBXBuildFile section */
		998B1BD71A9DC19200788E78 /* sdRefeshView_arrow@2x.png in Resources */ = {isa = PBXBuildFile; fileRef = 998B1BD61A9DC19200788E78 /* sdRefeshView_arrow@2x.png */; };
		99B80F4A1A99D16E00FE8FD4 /* Foundation.framework in Frameworks */ = {isa = PBXBuildFile; fileRef = 99B80F491A99D16E00FE8FD4 /* Foundation.framework */; };
		99B80F4C1A99D16E00FE8FD4 /* CoreGraphics.framework in Frameworks */ = {isa = PBXBuildFile; fileRef = 99B80F4B1A99D16E00FE8FD4 /* CoreGraphics.framework */; };
		99B80F4E1A99D16E00FE8FD4 /* UIKit.framework in Frameworks */ = {isa = PBXBuildFile; fileRef = 99B80F4D1A99D16E00FE8FD4 /* UIKit.framework */; };
		99B80F541A99D16E00FE8FD4 /* InfoPlist.strings in Resources */ = {isa = PBXBuildFile; fileRef = 99B80F521A99D16E00FE8FD4 /* InfoPlist.strings */; };
		99B80F561A99D16E00FE8FD4 /* main.m in Sources */ = {isa = PBXBuildFile; fileRef = 99B80F551A99D16E00FE8FD4 /* main.m */; };
		99B80F5A1A99D16E00FE8FD4 /* SDAppDelegate.m in Sources */ = {isa = PBXBuildFile; fileRef = 99B80F591A99D16E00FE8FD4 /* SDAppDelegate.m */; };
		99B80F5C1A99D16E00FE8FD4 /* Images.xcassets in Resources */ = {isa = PBXBuildFile; fileRef = 99B80F5B1A99D16E00FE8FD4 /* Images.xcassets */; };
		99B80F631A99D16E00FE8FD4 /* XCTest.framework in Frameworks */ = {isa = PBXBuildFile; fileRef = 99B80F621A99D16E00FE8FD4 /* XCTest.framework */; };
		99B80F641A99D16E00FE8FD4 /* Foundation.framework in Frameworks */ = {isa = PBXBuildFile; fileRef = 99B80F491A99D16E00FE8FD4 /* Foundation.framework */; };
		99B80F651A99D16E00FE8FD4 /* UIKit.framework in Frameworks */ = {isa = PBXBuildFile; fileRef = 99B80F4D1A99D16E00FE8FD4 /* UIKit.framework */; };
		99B80F6D1A99D16E00FE8FD4 /* InfoPlist.strings in Resources */ = {isa = PBXBuildFile; fileRef = 99B80F6B1A99D16E00FE8FD4 /* InfoPlist.strings */; };
		99B80F6F1A99D16E00FE8FD4 /* SDRefreshViewTests.m in Sources */ = {isa = PBXBuildFile; fileRef = 99B80F6E1A99D16E00FE8FD4 /* SDRefreshViewTests.m */; };
		99B80F7E1A99D1D100FE8FD4 /* SDTableViewController.m in Sources */ = {isa = PBXBuildFile; fileRef = 99B80F7D1A99D1D100FE8FD4 /* SDTableViewController.m */; };
		99B80F811A99D8FA00FE8FD4 /* SDRefreshView.m in Sources */ = {isa = PBXBuildFile; fileRef = 99B80F801A99D8FA00FE8FD4 /* SDRefreshView.m */; };
		99B80F841A99D94B00FE8FD4 /* SDRefreshHeaderView.m in Sources */ = {isa = PBXBuildFile; fileRef = 99B80F831A99D94B00FE8FD4 /* SDRefreshHeaderView.m */; };
		99E266971A9AF21900B01D55 /* UIView+SDExtension.m in Sources */ = {isa = PBXBuildFile; fileRef = 99E266961A9AF21900B01D55 /* UIView+SDExtension.m */; };
		99E266A21A9B644400B01D55 /* SDRefreshFooterView.m in Sources */ = {isa = PBXBuildFile; fileRef = 99E266A11A9B644400B01D55 /* SDRefreshFooterView.m */; };
/* End PBXBuildFile section */

/* Begin PBXContainerItemProxy section */
		99B80F661A99D16E00FE8FD4 /* PBXContainerItemProxy */ = {
			isa = PBXContainerItemProxy;
			containerPortal = 99B80F3E1A99D16E00FE8FD4 /* Project object */;
			proxyType = 1;
			remoteGlobalIDString = 99B80F451A99D16E00FE8FD4;
			remoteInfo = SDRefreshView;
		};
/* End PBXContainerItemProxy section */

/* Begin PBXFileReference section */
		990C3CE01A9F8A6500A97F01 /* SDRefresh.h */ = {isa = PBXFileReference; fileEncoding = 4; lastKnownFileType = sourcecode.c.h; path = SDRefresh.h; sourceTree = "<group>"; };
		998B1BD61A9DC19200788E78 /* sdRefeshView_arrow@2x.png */ = {isa = PBXFileReference; lastKnownFileType = image.png; path = "sdRefeshView_arrow@2x.png"; sourceTree = "<group>"; };
		99B80F461A99D16E00FE8FD4 /* SDRefreshView.app */ = {isa = PBXFileReference; explicitFileType = wrapper.application; includeInIndex = 0; path = SDRefreshView.app; sourceTree = BUILT_PRODUCTS_DIR; };
		99B80F491A99D16E00FE8FD4 /* Foundation.framework */ = {isa = PBXFileReference; lastKnownFileType = wrapper.framework; name = Foundation.framework; path = System/Library/Frameworks/Foundation.framework; sourceTree = SDKROOT; };
		99B80F4B1A99D16E00FE8FD4 /* CoreGraphics.framework */ = {isa = PBXFileReference; lastKnownFileType = wrapper.framework; name = CoreGraphics.framework; path = System/Library/Frameworks/CoreGraphics.framework; sourceTree = SDKROOT; };
		99B80F4D1A99D16E00FE8FD4 /* UIKit.framework */ = {isa = PBXFileReference; lastKnownFileType = wrapper.framework; name = UIKit.framework; path = System/Library/Frameworks/UIKit.framework; sourceTree = SDKROOT; };
		99B80F511A99D16E00FE8FD4 /* SDRefreshView-Info.plist */ = {isa = PBXFileReference; lastKnownFileType = text.plist.xml; path = "SDRefreshView-Info.plist"; sourceTree = "<group>"; };
		99B80F531A99D16E00FE8FD4 /* en */ = {isa = PBXFileReference; lastKnownFileType = text.plist.strings; name = en; path = en.lproj/InfoPlist.strings; sourceTree = "<group>"; };
		99B80F551A99D16E00FE8FD4 /* main.m */ = {isa = PBXFileReference; lastKnownFileType = sourcecode.c.objc; path = main.m; sourceTree = "<group>"; };
		99B80F571A99D16E00FE8FD4 /* SDRefreshView-Prefix.pch */ = {isa = PBXFileReference; lastKnownFileType = sourcecode.c.h; path = "SDRefreshView-Prefix.pch"; sourceTree = "<group>"; };
		99B80F581A99D16E00FE8FD4 /* SDAppDelegate.h */ = {isa = PBXFileReference; lastKnownFileType = sourcecode.c.h; path = SDAppDelegate.h; sourceTree = "<group>"; };
		99B80F591A99D16E00FE8FD4 /* SDAppDelegate.m */ = {isa = PBXFileReference; lastKnownFileType = sourcecode.c.objc; path = SDAppDelegate.m; sourceTree = "<group>"; };
		99B80F5B1A99D16E00FE8FD4 /* Images.xcassets */ = {isa = PBXFileReference; lastKnownFileType = folder.assetcatalog; path = Images.xcassets; sourceTree = "<group>"; };
		99B80F611A99D16E00FE8FD4 /* SDRefreshViewTests.xctest */ = {isa = PBXFileReference; explicitFileType = wrapper.cfbundle; includeInIndex = 0; path = SDRefreshViewTests.xctest; sourceTree = BUILT_PRODUCTS_DIR; };
		99B80F621A99D16E00FE8FD4 /* XCTest.framework */ = {isa = PBXFileReference; lastKnownFileType = wrapper.framework; name = XCTest.framework; path = Library/Frameworks/XCTest.framework; sourceTree = DEVELOPER_DIR; };
		99B80F6A1A99D16E00FE8FD4 /* SDRefreshViewTests-Info.plist */ = {isa = PBXFileReference; lastKnownFileType = text.plist.xml; path = "SDRefreshViewTests-Info.plist"; sourceTree = "<group>"; };
		99B80F6C1A99D16E00FE8FD4 /* en */ = {isa = PBXFileReference; lastKnownFileType = text.plist.strings; name = en; path = en.lproj/InfoPlist.strings; sourceTree = "<group>"; };
		99B80F6E1A99D16E00FE8FD4 /* SDRefreshViewTests.m */ = {isa = PBXFileReference; lastKnownFileType = sourcecode.c.objc; path = SDRefreshViewTests.m; sourceTree = "<group>"; };
		99B80F7C1A99D1D100FE8FD4 /* SDTableViewController.h */ = {isa = PBXFileReference; fileEncoding = 4; lastKnownFileType = sourcecode.c.h; path = SDTableViewController.h; sourceTree = "<group>"; };
		99B80F7D1A99D1D100FE8FD4 /* SDTableViewController.m */ = {isa = PBXFileReference; fileEncoding = 4; lastKnownFileType = sourcecode.c.objc; path = SDTableViewController.m; sourceTree = "<group>"; };
		99B80F7F1A99D8FA00FE8FD4 /* SDRefreshView.h */ = {isa = PBXFileReference; fileEncoding = 4; lastKnownFileType = sourcecode.c.h; path = SDRefreshView.h; sourceTree = "<group>"; };
		99B80F801A99D8FA00FE8FD4 /* SDRefreshView.m */ = {isa = PBXFileReference; fileEncoding = 4; lastKnownFileType = sourcecode.c.objc; path = SDRefreshView.m; sourceTree = "<group>"; };
		99B80F821A99D94B00FE8FD4 /* SDRefreshHeaderView.h */ = {isa = PBXFileReference; fileEncoding = 4; lastKnownFileType = sourcecode.c.h; path = SDRefreshHeaderView.h; sourceTree = "<group>"; };
		99B80F831A99D94B00FE8FD4 /* SDRefreshHeaderView.m */ = {isa = PBXFileReference; fileEncoding = 4; lastKnownFileType = sourcecode.c.objc; path = SDRefreshHeaderView.m; sourceTree = "<group>"; };
		99E266951A9AF21900B01D55 /* UIView+SDExtension.h */ = {isa = PBXFileReference; fileEncoding = 4; lastKnownFileType = sourcecode.c.h; path = "UIView+SDExtension.h"; sourceTree = "<group>"; };
		99E266961A9AF21900B01D55 /* UIView+SDExtension.m */ = {isa = PBXFileReference; fileEncoding = 4; lastKnownFileType = sourcecode.c.objc; path = "UIView+SDExtension.m"; sourceTree = "<group>"; };
		99E266A01A9B644400B01D55 /* SDRefreshFooterView.h */ = {isa = PBXFileReference; fileEncoding = 4; lastKnownFileType = sourcecode.c.h; path = SDRefreshFooterView.h; sourceTree = "<group>"; };
		99E266A11A9B644400B01D55 /* SDRefreshFooterView.m */ = {isa = PBXFileReference; fileEncoding = 4; lastKnownFileType = sourcecode.c.objc; path = SDRefreshFooterView.m; sourceTree = "<group>"; };
/* End PBXFileReference section */

/* Begin PBXFrameworksBuildPhase section */
		99B80F431A99D16E00FE8FD4 /* Frameworks */ = {
			isa = PBXFrameworksBuildPhase;
			buildActionMask = 2147483647;
			files = (
				99B80F4C1A99D16E00FE8FD4 /* CoreGraphics.framework in Frameworks */,
				99B80F4E1A99D16E00FE8FD4 /* UIKit.framework in Frameworks */,
				99B80F4A1A99D16E00FE8FD4 /* Foundation.framework in Frameworks */,
			);
			runOnlyForDeploymentPostprocessing = 0;
		};
		99B80F5E1A99D16E00FE8FD4 /* Frameworks */ = {
			isa = PBXFrameworksBuildPhase;
			buildActionMask = 2147483647;
			files = (
				99B80F631A99D16E00FE8FD4 /* XCTest.framework in Frameworks */,
				99B80F651A99D16E00FE8FD4 /* UIKit.framework in Frameworks */,
				99B80F641A99D16E00FE8FD4 /* Foundation.framework in Frameworks */,
			);
			runOnlyForDeploymentPostprocessing = 0;
		};
/* End PBXFrameworksBuildPhase section */

/* Begin PBXGroup section */
		99B80F3D1A99D16E00FE8FD4 = {
			isa = PBXGroup;
			children = (
				99B80F4F1A99D16E00FE8FD4 /* SDRefreshView */,
				99B80F681A99D16E00FE8FD4 /* SDRefreshViewTests */,
				99B80F481A99D16E00FE8FD4 /* Frameworks */,
				99B80F471A99D16E00FE8FD4 /* Products */,
			);
			sourceTree = "<group>";
		};
		99B80F471A99D16E00FE8FD4 /* Products */ = {
			isa = PBXGroup;
			children = (
				99B80F461A99D16E00FE8FD4 /* SDRefreshView.app */,
				99B80F611A99D16E00FE8FD4 /* SDRefreshViewTests.xctest */,
			);
			name = Products;
			sourceTree = "<group>";
		};
		99B80F481A99D16E00FE8FD4 /* Frameworks */ = {
			isa = PBXGroup;
			children = (
				99B80F491A99D16E00FE8FD4 /* Foundation.framework */,
				99B80F4B1A99D16E00FE8FD4 /* CoreGraphics.framework */,
				99B80F4D1A99D16E00FE8FD4 /* UIKit.framework */,
				99B80F621A99D16E00FE8FD4 /* XCTest.framework */,
			);
			name = Frameworks;
			sourceTree = "<group>";
		};
		99B80F4F1A99D16E00FE8FD4 /* SDRefreshView */ = {
			isa = PBXGroup;
			children = (
				99B80F781A99D1B900FE8FD4 /* Controller */,
				99B80F791A99D1B900FE8FD4 /* Lib */,
				99B80F7A1A99D1B900FE8FD4 /* Model */,
				99B80F7B1A99D1B900FE8FD4 /* View */,
				99B80F581A99D16E00FE8FD4 /* SDAppDelegate.h */,
				99B80F591A99D16E00FE8FD4 /* SDAppDelegate.m */,
				99B80F5B1A99D16E00FE8FD4 /* Images.xcassets */,
				99B80F501A99D16E00FE8FD4 /* Supporting Files */,
			);
			path = SDRefreshView;
			sourceTree = "<group>";
		};
		99B80F501A99D16E00FE8FD4 /* Supporting Files */ = {
			isa = PBXGroup;
			children = (
				99B80F511A99D16E00FE8FD4 /* SDRefreshView-Info.plist */,
				99B80F521A99D16E00FE8FD4 /* InfoPlist.strings */,
				99B80F551A99D16E00FE8FD4 /* main.m */,
				99B80F571A99D16E00FE8FD4 /* SDRefreshView-Prefix.pch */,
			);
			name = "Supporting Files";
			sourceTree = "<group>";
		};
		99B80F681A99D16E00FE8FD4 /* SDRefreshViewTests */ = {
			isa = PBXGroup;
			children = (
				99B80F6E1A99D16E00FE8FD4 /* SDRefreshViewTests.m */,
				99B80F691A99D16E00FE8FD4 /* Supporting Files */,
			);
			path = SDRefreshViewTests;
			sourceTree = "<group>";
		};
		99B80F691A99D16E00FE8FD4 /* Supporting Files */ = {
			isa = PBXGroup;
			children = (
				99B80F6A1A99D16E00FE8FD4 /* SDRefreshViewTests-Info.plist */,
				99B80F6B1A99D16E00FE8FD4 /* InfoPlist.strings */,
			);
			name = "Supporting Files";
			sourceTree = "<group>";
		};
		99B80F781A99D1B900FE8FD4 /* Controller */ = {
			isa = PBXGroup;
			children = (
				99B80F7C1A99D1D100FE8FD4 /* SDTableViewController.h */,
				99B80F7D1A99D1D100FE8FD4 /* SDTableViewController.m */,
			);
			name = Controller;
			path = Classes/Controller;
			sourceTree = "<group>";
		};
		99B80F791A99D1B900FE8FD4 /* Lib */ = {
			isa = PBXGroup;
			children = (
				998B1BD61A9DC19200788E78 /* sdRefeshView_arrow@2x.png */,
				99B80F7F1A99D8FA00FE8FD4 /* SDRefreshView.h */,
				99B80F801A99D8FA00FE8FD4 /* SDRefreshView.m */,
				99B80F821A99D94B00FE8FD4 /* SDRefreshHeaderView.h */,
				99B80F831A99D94B00FE8FD4 /* SDRefreshHeaderView.m */,
				99E266951A9AF21900B01D55 /* UIView+SDExtension.h */,
				99E266961A9AF21900B01D55 /* UIView+SDExtension.m */,
				99E266A01A9B644400B01D55 /* SDRefreshFooterView.h */,
				99E266A11A9B644400B01D55 /* SDRefreshFooterView.m */,
				990C3CE01A9F8A6500A97F01 /* SDRefresh.h */,
			);
			name = Lib;
			path = Classes/Lib;
			sourceTree = "<group>";
		};
		99B80F7A1A99D1B900FE8FD4 /* Model */ = {
			isa = PBXGroup;
			children = (
			);
			name = Model;
			path = Classes/Model;
			sourceTree = "<group>";
		};
		99B80F7B1A99D1B900FE8FD4 /* View */ = {
			isa = PBXGroup;
			children = (
			);
			name = View;
			path = Classes/View;
			sourceTree = "<group>";
		};
/* End PBXGroup section */

/* Begin PBXNativeTarget section */
		99B80F451A99D16E00FE8FD4 /* SDRefreshView */ = {
			isa = PBXNativeTarget;
			buildConfigurationList = 99B80F721A99D16E00FE8FD4 /* Build configuration list for PBXNativeTarget "SDRefreshView" */;
			buildPhases = (
				99B80F421A99D16E00FE8FD4 /* Sources */,
				99B80F431A99D16E00FE8FD4 /* Frameworks */,
				99B80F441A99D16E00FE8FD4 /* Resources */,
			);
			buildRules = (
			);
			dependencies = (
			);
			name = SDRefreshView;
			productName = SDRefreshView;
			productReference = 99B80F461A99D16E00FE8FD4 /* SDRefreshView.app */;
			productType = "com.apple.product-type.application";
		};
		99B80F601A99D16E00FE8FD4 /* SDRefreshViewTests */ = {
			isa = PBXNativeTarget;
			buildConfigurationList = 99B80F751A99D16E00FE8FD4 /* Build configuration list for PBXNativeTarget "SDRefreshViewTests" */;
			buildPhases = (
				99B80F5D1A99D16E00FE8FD4 /* Sources */,
				99B80F5E1A99D16E00FE8FD4 /* Frameworks */,
				99B80F5F1A99D16E00FE8FD4 /* Resources */,
			);
			buildRules = (
			);
			dependencies = (
				99B80F671A99D16E00FE8FD4 /* PBXTargetDependency */,
			);
			name = SDRefreshViewTests;
			productName = SDRefreshViewTests;
			productReference = 99B80F611A99D16E00FE8FD4 /* SDRefreshViewTests.xctest */;
			productType = "com.apple.product-type.bundle.unit-test";
		};
/* End PBXNativeTarget section */

/* Begin PBXProject section */
		99B80F3E1A99D16E00FE8FD4 /* Project object */ = {
			isa = PBXProject;
			attributes = {
				CLASSPREFIX = SD;
				LastUpgradeCheck = 0510;
				ORGANIZATIONNAME = GSD;
				TargetAttributes = {
					99B80F601A99D16E00FE8FD4 = {
						TestTargetID = 99B80F451A99D16E00FE8FD4;
					};
				};
			};
			buildConfigurationList = 99B80F411A99D16E00FE8FD4 /* Build configuration list for PBXProject "SDRefreshView" */;
			compatibilityVersion = "Xcode 3.2";
			developmentRegion = English;
			hasScannedForEncodings = 0;
			knownRegions = (
				en,
			);
			mainGroup = 99B80F3D1A99D16E00FE8FD4;
			productRefGroup = 99B80F471A99D16E00FE8FD4 /* Products */;
			projectDirPath = "";
			projectRoot = "";
			targets = (
				99B80F451A99D16E00FE8FD4 /* SDRefreshView */,
				99B80F601A99D16E00FE8FD4 /* SDRefreshViewTests */,
			);
		};
/* End PBXProject section */

/* Begin PBXResourcesBuildPhase section */
		99B80F441A99D16E00FE8FD4 /* Resources */ = {
			isa = PBXResourcesBuildPhase;
			buildActionMask = 2147483647;
			files = (
				998B1BD71A9DC19200788E78 /* sdRefeshView_arrow@2x.png in Resources */,
				99B80F541A99D16E00FE8FD4 /* InfoPlist.strings in Resources */,
				99B80F5C1A99D16E00FE8FD4 /* Images.xcassets in Resources */,
			);
			runOnlyForDeploymentPostprocessing = 0;
		};
		99B80F5F1A99D16E00FE8FD4 /* Resources */ = {
			isa = PBXResourcesBuildPhase;
			buildActionMask = 2147483647;
			files = (
				99B80F6D1A99D16E00FE8FD4 /* InfoPlist.strings in Resources */,
			);
			runOnlyForDeploymentPostprocessing = 0;
		};
/* End PBXResourcesBuildPhase section */

/* Begin PBXSourcesBuildPhase section */
		99B80F421A99D16E00FE8FD4 /* Sources */ = {
			isa = PBXSourcesBuildPhase;
			buildActionMask = 2147483647;
			files = (
				99B80F7E1A99D1D100FE8FD4 /* SDTableViewController.m in Sources */,
				99E266971A9AF21900B01D55 /* UIView+SDExtension.m in Sources */,
				99B80F561A99D16E00FE8FD4 /* main.m in Sources */,
				99B80F5A1A99D16E00FE8FD4 /* SDAppDelegate.m in Sources */,
				99B80F841A99D94B00FE8FD4 /* SDRefreshHeaderView.m in Sources */,
				99E266A21A9B644400B01D55 /* SDRefreshFooterView.m in Sources */,
				99B80F811A99D8FA00FE8FD4 /* SDRefreshView.m in Sources */,
			);
			runOnlyForDeploymentPostprocessing = 0;
		};
		99B80F5D1A99D16E00FE8FD4 /* Sources */ = {
			isa = PBXSourcesBuildPhase;
			buildActionMask = 2147483647;
			files = (
				99B80F6F1A99D16E00FE8FD4 /* SDRefreshViewTests.m in Sources */,
			);
			runOnlyForDeploymentPostprocessing = 0;
		};
/* End PBXSourcesBuildPhase section */

/* Begin PBXTargetDependency section */
		99B80F671A99D16E00FE8FD4 /* PBXTargetDependency */ = {
			isa = PBXTargetDependency;
			target = 99B80F451A99D16E00FE8FD4 /* SDRefreshView */;
			targetProxy = 99B80F661A99D16E00FE8FD4 /* PBXContainerItemProxy */;
		};
/* End PBXTargetDependency section */

/* Begin PBXVariantGroup section */
		99B80F521A99D16E00FE8FD4 /* InfoPlist.strings */ = {
			isa = PBXVariantGroup;
			children = (
				99B80F531A99D16E00FE8FD4 /* en */,
			);
			name = InfoPlist.strings;
			sourceTree = "<group>";
		};
		99B80F6B1A99D16E00FE8FD4 /* InfoPlist.strings */ = {
			isa = PBXVariantGroup;
			children = (
				99B80F6C1A99D16E00FE8FD4 /* en */,
			);
			name = InfoPlist.strings;
			sourceTree = "<group>";
		};
/* End PBXVariantGroup section */

/* Begin XCBuildConfiguration section */
		99B80F701A99D16E00FE8FD4 /* Debug */ = {
			isa = XCBuildConfiguration;
			buildSettings = {
				ALWAYS_SEARCH_USER_PATHS = NO;
				CLANG_CXX_LANGUAGE_STANDARD = "gnu++0x";
				CLANG_CXX_LIBRARY = "libc++";
				CLANG_ENABLE_MODULES = YES;
				CLANG_ENABLE_OBJC_ARC = YES;
				CLANG_WARN_BOOL_CONVERSION = YES;
				CLANG_WARN_CONSTANT_CONVERSION = YES;
				CLANG_WARN_DIRECT_OBJC_ISA_USAGE = YES_ERROR;
				CLANG_WARN_EMPTY_BODY = YES;
				CLANG_WARN_ENUM_CONVERSION = YES;
				CLANG_WARN_INT_CONVERSION = YES;
				CLANG_WARN_OBJC_ROOT_CLASS = YES_ERROR;
				CLANG_WARN__DUPLICATE_METHOD_MATCH = YES;
				"CODE_SIGN_IDENTITY[sdk=iphoneos*]" = "iPhone Developer";
				COPY_PHASE_STRIP = NO;
				GCC_C_LANGUAGE_STANDARD = gnu99;
				GCC_DYNAMIC_NO_PIC = NO;
				GCC_OPTIMIZATION_LEVEL = 0;
				GCC_PREPROCESSOR_DEFINITIONS = (
					"DEBUG=1",
					"$(inherited)",
				);
				GCC_SYMBOLS_PRIVATE_EXTERN = NO;
				GCC_WARN_64_TO_32_BIT_CONVERSION = YES;
				GCC_WARN_ABOUT_RETURN_TYPE = YES_ERROR;
				GCC_WARN_UNDECLARED_SELECTOR = YES;
				GCC_WARN_UNINITIALIZED_AUTOS = YES_AGGRESSIVE;
				GCC_WARN_UNUSED_FUNCTION = YES;
				GCC_WARN_UNUSED_VARIABLE = YES;
				IPHONEOS_DEPLOYMENT_TARGET = 7.1;
				ONLY_ACTIVE_ARCH = YES;
				SDKROOT = iphoneos;
			};
			name = Debug;
		};
		99B80F711A99D16E00FE8FD4 /* Release */ = {
			isa = XCBuildConfiguration;
			buildSettings = {
				ALWAYS_SEARCH_USER_PATHS = NO;
				CLANG_CXX_LANGUAGE_STANDARD = "gnu++0x";
				CLANG_CXX_LIBRARY = "libc++";
				CLANG_ENABLE_MODULES = YES;
				CLANG_ENABLE_OBJC_ARC = YES;
				CLANG_WARN_BOOL_CONVERSION = YES;
				CLANG_WARN_CONSTANT_CONVERSION = YES;
				CLANG_WARN_DIRECT_OBJC_ISA_USAGE = YES_ERROR;
				CLANG_WARN_EMPTY_BODY = YES;
				CLANG_WARN_ENUM_CONVERSION = YES;
				CLANG_WARN_INT_CONVERSION = YES;
				CLANG_WARN_OBJC_ROOT_CLASS = YES_ERROR;
				CLANG_WARN__DUPLICATE_METHOD_MATCH = YES;
				"CODE_SIGN_IDENTITY[sdk=iphoneos*]" = "iPhone Developer";
				COPY_PHASE_STRIP = YES;
				ENABLE_NS_ASSERTIONS = NO;
				GCC_C_LANGUAGE_STANDARD = gnu99;
				GCC_WARN_64_TO_32_BIT_CONVERSION = YES;
				GCC_WARN_ABOUT_RETURN_TYPE = YES_ERROR;
				GCC_WARN_UNDECLARED_SELECTOR = YES;
				GCC_WARN_UNINITIALIZED_AUTOS = YES_AGGRESSIVE;
				GCC_WARN_UNUSED_FUNCTION = YES;
				GCC_WARN_UNUSED_VARIABLE = YES;
				IPHONEOS_DEPLOYMENT_TARGET = 7.1;
				SDKROOT = iphoneos;
				VALIDATE_PRODUCT = YES;
			};
			name = Release;
		};
		99B80F731A99D16E00FE8FD4 /* Debug */ = {
			isa = XCBuildConfiguration;
			buildSettings = {
				ASSETCATALOG_COMPILER_APPICON_NAME = AppIcon;
				ASSETCATALOG_COMPILER_LAUNCHIMAGE_NAME = LaunchImage;
				GCC_PRECOMPILE_PREFIX_HEADER = YES;
				GCC_PREFIX_HEADER = "SDRefreshView/SDRefreshView-Prefix.pch";
				INFOPLIST_FILE = "SDRefreshView/SDRefreshView-Info.plist";
				IPHONEOS_DEPLOYMENT_TARGET = 7.0;
				PRODUCT_NAME = "$(TARGET_NAME)";
				WRAPPER_EXTENSION = app;
			};
			name = Debug;
		};
		99B80F741A99D16E00FE8FD4 /* Release */ = {
			isa = XCBuildConfiguration;
			buildSettings = {
				ASSETCATALOG_COMPILER_APPICON_NAME = AppIcon;
				ASSETCATALOG_COMPILER_LAUNCHIMAGE_NAME = LaunchImage;
				GCC_PRECOMPILE_PREFIX_HEADER = YES;
				GCC_PREFIX_HEADER = "SDRefreshView/SDRefreshView-Prefix.pch";
				INFOPLIST_FILE = "SDRefreshView/SDRefreshView-Info.plist";
				IPHONEOS_DEPLOYMENT_TARGET = 7.0;
				PRODUCT_NAME = "$(TARGET_NAME)";
				WRAPPER_EXTENSION = app;
			};
			name = Release;
		};
		99B80F761A99D16E00FE8FD4 /* Debug */ = {
			isa = XCBuildConfiguration;
			buildSettings = {
				BUNDLE_LOADER = "$(BUILT_PRODUCTS_DIR)/SDRefreshView.app/SDRefreshView";
				FRAMEWORK_SEARCH_PATHS = (
					"$(SDKROOT)/Developer/Library/Frameworks",
					"$(inherited)",
					"$(DEVELOPER_FRAMEWORKS_DIR)",
				);
				GCC_PRECOMPILE_PREFIX_HEADER = YES;
				GCC_PREFIX_HEADER = "SDRefreshView/SDRefreshView-Prefix.pch";
				GCC_PREPROCESSOR_DEFINITIONS = (
					"DEBUG=1",
					"$(inherited)",
				);
				INFOPLIST_FILE = "SDRefreshViewTests/SDRefreshViewTests-Info.plist";
				PRODUCT_NAME = "$(TARGET_NAME)";
				TEST_HOST = "$(BUNDLE_LOADER)";
				WRAPPER_EXTENSION = xctest;
			};
			name = Debug;
		};
		99B80F771A99D16E00FE8FD4 /* Release */ = {
			isa = XCBuildConfiguration;
			buildSettings = {
				BUNDLE_LOADER = "$(BUILT_PRODUCTS_DIR)/SDRefreshView.app/SDRefreshView";
				FRAMEWORK_SEARCH_PATHS = (
					"$(SDKROOT)/Developer/Library/Frameworks",
					"$(inherited)",
					"$(DEVELOPER_FRAMEWORKS_DIR)",
				);
				GCC_PRECOMPILE_PREFIX_HEADER = YES;
				GCC_PREFIX_HEADER = "SDRefreshView/SDRefreshView-Prefix.pch";
				INFOPLIST_FILE = "SDRefreshViewTests/SDRefreshViewTests-Info.plist";
				PRODUCT_NAME = "$(TARGET_NAME)";
				TEST_HOST = "$(BUNDLE_LOADER)";
				WRAPPER_EXTENSION = xctest;
			};
			name = Release;
		};
/* End XCBuildConfiguration section */

/* Begin XCConfigurationList section */
		99B80F411A99D16E00FE8FD4 /* Build configuration list for PBXProject "SDRefreshView" */ = {
			isa = XCConfigurationList;
			buildConfigurations = (
				99B80F701A99D16E00FE8FD4 /* Debug */,
				99B80F711A99D16E00FE8FD4 /* Release */,
			);
			defaultConfigurationIsVisible = 0;
			defaultConfigurationName = Release;
		};
		99B80F721A99D16E00FE8FD4 /* Build configuration list for PBXNativeTarget "SDRefreshView" */ = {
			isa = XCConfigurationList;
			buildConfigurations = (
				99B80F731A99D16E00FE8FD4 /* Debug */,
				99B80F741A99D16E00FE8FD4 /* Release */,
			);
			defaultConfigurationIsVisible = 0;
			defaultConfigurationName = Release;
		};
		99B80F751A99D16E00FE8FD4 /* Build configuration list for PBXNativeTarget "SDRefreshViewTests" */ = {
			isa = XCConfigurationList;
			buildConfigurations = (
				99B80F761A99D16E00FE8FD4 /* Debug */,
				99B80F771A99D16E00FE8FD4 /* Release */,
			);
			defaultConfigurationIsVisible = 0;
			defaultConfigurationName = Release;
		};
/* End XCConfigurationList section */
	};
	rootObject = 99B80F3E1A99D16E00FE8FD4 /* Project object */;
}
